
Microsoft Visual Studio Solution File, Format Version 12.00
# Visual Studio 15
VisualStudioVersion = 15.0.26430.12
MinimumVisualStudioVersion = 10.0.40219.1
Project("{9A19103F-16F7-4668-BE54-9A1E7A4F7556}") = "Excel.Npoi", "Excel\Excel.Npoi.csproj", "{7802FEED-C441-422C-9CDA-2CAD9CDC643A}"
EndProject
Project("{9A19103F-16F7-4668-BE54-9A1E7A4F7556}") = "Excel.EPPlus", "Excel-EPPlus\Excel.EPPlus.csproj", "{1BD40A16-1BB9-4458-AEE5-DD4098B3E662}"
EndProject
Project("{FAE04EC0-301F-11D3-BF4B-00C04F79EFBC}") = "Excel.Api", "Excel.Api\Excel.Api.csproj", "{E161BA7A-3554-478E-8AF8-4DA51CBE3A16}"
EndProject
Global
	GlobalSection(SolutionConfigurationPlatforms) = preSolution
		Debug|Any CPU = Debug|Any CPU
		Release|Any CPU = Release|Any CPU
	EndGlobalSection
	GlobalSection(ProjectConfigurationPlatforms) = postSolution
		{7802FEED-C441-422C-9CDA-2CAD9CDC643A}.Debug|Any CPU.ActiveCfg = Debug|Any CPU
		{7802FEED-C441-422C-9CDA-2CAD9CDC643A}.Debug|Any CPU.Build.0 = Debug|Any CPU
		{7802FEED-C441-422C-9CDA-2CAD9CDC643A}.Release|Any CPU.ActiveCfg = Release|Any CPU
		{7802FEED-C441-422C-9CDA-2CAD9CDC643A}.Release|Any CPU.Build.0 = Release|Any CPU
		{1BD40A16-1BB9-4458-AEE5-DD4098B3E662}.Debug|Any CPU.ActiveCfg = Debug|Any CPU
		{1BD40A16-1BB9-4458-AEE5-DD4098B3E662}.Debug|Any CPU.Build.0 = Debug|Any CPU
		{1BD40A16-1BB9-4458-AEE5-DD4098B3E662}.Release|Any CPU.ActiveCfg = Release|Any CPU
		{1BD40A16-1BB9-4458-AEE5-DD4098B3E662}.Release|Any CPU.Build.0 = Release|Any CPU
		{E161BA7A-3554-478E-8AF8-4DA51CBE3A16}.Debug|Any CPU.ActiveCfg = Debug|Any CPU
		{E161BA7A-3554-478E-8AF8-4DA51CBE3A16}.Debug|Any CPU.Build.0 = Debug|Any CPU
		{E161BA7A-3554-478E-8AF8-4DA51CBE3A16}.Release|Any CPU.ActiveCfg = Release|Any CPU
		{E161BA7A-3554-478E-8AF8-4DA51CBE3A16}.Release|Any CPU.Build.0 = Release|Any CPU
	EndGlobalSection
	GlobalSection(SolutionProperties) = preSolution
		HideSolutionNode = FALSE
	EndGlobalSection
EndGlobal
